
Microsoft Visual Studio Solution File, Format Version 12.00
# Visual Studio Version 17
VisualStudioVersion = 17.5.33414.496
MinimumVisualStudioVersion = 10.0.40219.1
Project("{8BC9CEB8-8B4A-11D0-8D11-00A0C91BC942}") = "TBRS_3", "TBRS_3\TBRS_3.vcxproj", "{F288597C-120A-44EF-A429-ECAC1C9A3A75}"
EndProject
Project("{8BC9CEB8-8B4A-11D0-8D11-00A0C91BC942}") = "TBRS_1", "TBRS_1\TBRS_1.vcxproj", "{A4E8B520-CA40-45F7-96A7-23267ABDD6EF}"
EndProject
Global
	GlobalSection(SolutionConfigurationPlatforms) = preSolution
		Debug|x64 = Debug|x64
		Debug|x86 = Debug|x86
		Release|x64 = Release|x64
		Release|x86 = Release|x86
	EndGlobalSection
	GlobalSection(ProjectConfigurationPlatforms) = postSolution
		{F288597C-120A-44EF-A429-ECAC1C9A3A75}.Debug|x64.ActiveCfg = Debug|x64
		{F288597C-120A-44EF-A429-ECAC1C9A3A75}.Debug|x64.Build.0 = Debug|x64
		{F288597C-120A-44EF-A429-ECAC1C9A3A75}.Debug|x86.ActiveCfg = Debug|Win32
		{F288597C-120A-44EF-A429-ECAC1C9A3A75}.Debug|x86.Build.0 = Debug|Win32
		{F288597C-120A-44EF-A429-ECAC1C9A3A75}.Release|x64.ActiveCfg = Release|x64
		{F288597C-120A-44EF-A429-ECAC1C9A3A75}.Release|x64.Build.0 = Release|x64
		{F288597C-120A-44EF-A429-ECAC1C9A3A75}.Release|x86.ActiveCfg = Release|Win32
		{F288597C-120A-44EF-A429-ECAC1C9A3A75}.Release|x86.Build.0 = Release|Win32
		{A4E8B520-CA40-45F7-96A7-23267ABDD6EF}.Debug|x64.ActiveCfg = Debug|x64
		{A4E8B520-CA40-45F7-96A7-23267ABDD6EF}.Debug|x64.Build.0 = Debug|x64
		{A4E8B520-CA40-45F7-96A7-23267ABDD6EF}.Debug|x86.ActiveCfg = Debug|Win32
		{A4E8B520-CA40-45F7-96A7-23267ABDD6EF}.Debug|x86.Build.0 = Debug|Win32
		{A4E8B520-CA40-45F7-96A7-23267ABDD6EF}.Release|x64.ActiveCfg = Release|x64
		{A4E8B520-CA40-45F7-96A7-23267ABDD6EF}.Release|x64.Build.0 = Release|x64
		{A4E8B520-CA40-45F7-96A7-23267ABDD6EF}.Release|x86.ActiveCfg = Release|Win32
		{A4E8B520-CA40-45F7-96A7-23267ABDD6EF}.Release|x86.Build.0 = Release|Win32
	EndGlobalSection
	GlobalSection(SolutionProperties) = preSolution
		HideSolutionNode = FALSE
	EndGlobalSection
	GlobalSection(ExtensibilityGlobals) = postSolution
		SolutionGuid = {7D39B022-8CA9-4CD6-9C1C-6D50B7E32BD0}
	EndGlobalSection
EndGlobal
